// !$*UTF8*$!
{
	archiveVersion = 1;
	classes = {
	};
	objectVersion = 46;
	objects = {
/* Begin PBXBuildFile section */
		0207DA581B56EA530066E2B4 /* Images.xcassets in Resources */ = {isa = PBXBuildFile; fileRef = 0207DA571B56EA530066E2B4 /* Images.xcassets */; };
		11AA2F9B78914D02B16F830F /* Diagnostic_Wifi.m in Sources */ = {isa = PBXBuildFile; fileRef = 55B750B4F0BD42D5BA81727A /* Diagnostic_Wifi.m */; };
		1D3623260D0F684500981E51 /* AppDelegate.m in Sources */ = {isa = PBXBuildFile; fileRef = 1D3623250D0F684500981E51 /* AppDelegate.m */; };
		1D60589B0D05DD56006BFB54 /* main.m in Sources */ = {isa = PBXBuildFile; fileRef = 29B97316FDCFA39411CA2CEA /* main.m */; };
		220A3A698FBD4717AEE7F62D /* Diagnostic_Camera.m in Sources */ = {isa = PBXBuildFile; fileRef = F942D262B1AB4C3FAF28D271 /* Diagnostic_Camera.m */; };
		26B15CB171EC497BB2709F9A /* Diagnostic_Contacts.m in Sources */ = {isa = PBXBuildFile; fileRef = 6F91F0A64DF749FF9BF95DC6 /* Diagnostic_Contacts.m */; };
		301BF552109A68D80062928A /* libCordova.a in Frameworks */ = {isa = PBXBuildFile; fileRef = 301BF535109A57CC0062928A /* libCordova.a */; };
		302D95F114D2391D003F00A1 /* MainViewController.m in Sources */ = {isa = PBXBuildFile; fileRef = 302D95EF14D2391D003F00A1 /* MainViewController.m */; };
		302D95F214D2391D003F00A1 /* MainViewController.xib in Resources */ = {isa = PBXBuildFile; fileRef = 302D95F014D2391D003F00A1 /* MainViewController.xib */; };
		3049FF3F54274FFE988CF453 /* SQLitePlugin.m in Sources */ = {isa = PBXBuildFile; fileRef = EE29D4D5715247F7AC1BB7F4 /* SQLitePlugin.m */; };
		4A6539C683EB4D6BAEFA7D4D /* EventKit.framework in Frameworks */ = {isa = PBXBuildFile; fileRef = 61CFEEF0DEBF441AB25CFEA8 /* EventKit.framework */; };
		4D11B0CDC3994F85AEDEE5D4 /* Diagnostic_Microphone.m in Sources */ = {isa = PBXBuildFile; fileRef = 1BAD3E213FFA41DF90302B3B /* Diagnostic_Microphone.m */; };
		5194B466058B4DC7BBA6598A /* CDVNotification.m in Sources */ = {isa = PBXBuildFile; fileRef = 2E6EDC9C243D4FB78EA16469 /* CDVNotification.m */; };
		53AF3E9841FC4A459D40963B /* AddressBook.framework in Frameworks */ = {isa = PBXBuildFile; fileRef = C102ADFC6D75436997727336 /* AddressBook.framework */; };
		5582587C210B47BD99D43877 /* CDVBackgroundFetch.m in Sources */ = {isa = PBXBuildFile; fileRef = 25A5D6BC036A4871AEF8F7DE /* CDVBackgroundFetch.m */; };
		55BED945D9E54E3A95597A72 /* CDVCamera.m in Sources */ = {isa = PBXBuildFile; fileRef = C2E8C20C15494451953B0754 /* CDVCamera.m */; };
		5ABE78DBA92B4E3BB933DFC5 /* Diagnostic_Calendar.m in Sources */ = {isa = PBXBuildFile; fileRef = D15BB8808B67410783E5D03D /* Diagnostic_Calendar.m */; };
		69E180A7904D462582F0CB2B /* sqlite3.c in Sources */ = {isa = PBXBuildFile; fileRef = 288A4D11B309497593A9B6FB /* sqlite3.c */; settings = {COMPILER_FLAGS = "-w -DSQLITE_THREADSAFE=1 -DSQLITE_DEFAULT_SYNCHRONOUS=3 -DSQLITE_DEFAULT_MEMSTATUS=0 -DSQLITE_OMIT_DECLTYPE -DSQLITE_OMIT_DEPRECATED -DSQLITE_OMIT_PROGRESS_CALLBACK -DSQLITE_OMIT_SHARED_CACHE -DSQLITE_TEMP_STORE=2 -DSQLITE_OMIT_LOAD_EXTENSION -DSQLITE_ENABLE_FTS3 -DSQLITE_ENABLE_FTS3_PARENTHESIS -DSQLITE_ENABLE_FTS4 -DSQLITE_ENABLE_RTREE -DSQLITE_DEFAULT_PAGE_SIZE=4096"; }; };
		6AFF5BF91D6E424B00AB3073 /* CDVLaunchScreen.storyboard in Resources */ = {isa = PBXBuildFile; fileRef = 6AFF5BF81D6E424B00AB3073 /* CDVLaunchScreen.storyboard */; };
		7354713D2FE944E2AF6045B3 /* CDVBarcodeScanner.mm in Sources */ = {isa = PBXBuildFile; fileRef = 4543D01E702D4E2994BA5E1A /* CDVBarcodeScanner.mm */; };
		79A1F8AF979444469024F5FA /* UIImage+CropScaleOrientation.m in Sources */ = {isa = PBXBuildFile; fileRef = 68D751D3DFE14B71B78558F9 /* UIImage+CropScaleOrientation.m */; };
		7A65F7A2BFE5448A9238997B /* CDVOrientation.m in Sources */ = {isa = PBXBuildFile; fileRef = 7537AC4011F54AE8A8D45704 /* CDVOrientation.m */; };
		7E88D0D9CF8E438BB550A429 /* CustomPSPDFThreadSafeMutableDictionary.m in Sources */ = {isa = PBXBuildFile; fileRef = 23582AFBA66B4C5F88780E18 /* CustomPSPDFThreadSafeMutableDictionary.m */; settings = {COMPILER_FLAGS = "-w"; }; };
		8B75C1B6D7894BA7BB4EF409 /* Diagnostic.m in Sources */ = {isa = PBXBuildFile; fileRef = 7BAB25975CF74B6395114354 /* Diagnostic.m */; };
		8BDD1A2CCEAF477488237881 /* CDVJpegHeaderWriter.m in Sources */ = {isa = PBXBuildFile; fileRef = 67618DE4B5E84ACBA667029D /* CDVJpegHeaderWriter.m */; };
		8FCDE94072FD4B8D8F6A7786 /* CoreLocation.framework in Frameworks */ = {isa = PBXBuildFile; fileRef = 817EDAB14D22466C9DEF6EC2 /* CoreLocation.framework */; };
		9310AB322F9840D89B090FCF /* scannerOverlay.xib in Resources */ = {isa = PBXBuildFile; fileRef = B01D82CDF1B340BE8BDBA38A /* scannerOverlay.xib */; };
		9E9B9F80A7224D008FF6B783 /* CoreBluetooth.framework in Frameworks */ = {isa = PBXBuildFile; fileRef = 3CC8842CCD7B4C3E84F219D1 /* CoreBluetooth.framework */; };
		AA59BD61D090485E95C30E67 /* Diagnostic_Motion.m in Sources */ = {isa = PBXBuildFile; fileRef = 84EFB0B9B3124F69A42BE39F /* Diagnostic_Motion.m */; };
		ABC5A10513094D6F8261186E /* Diagnostic_Location.m in Sources */ = {isa = PBXBuildFile; fileRef = 3C087493A8F642ACB018F262 /* Diagnostic_Location.m */; };
		ACD993B5148D41238A0989CD /* AudioToolbox.framework in Frameworks */ = {isa = PBXBuildFile; fileRef = A7B61A55323448A291DF00B0 /* AudioToolbox.framework */; settings = {ATTRIBUTES = (Weak, ); }; };
		B2E83B04A5E8427CA47E5585 /* CDVLocation.m in Sources */ = {isa = PBXBuildFile; fileRef = 4DBC6BED6EE04AFCA3549CA9 /* CDVLocation.m */; };
		B784874C17F5498D83583E64 /* ImageIO.framework in Frameworks */ = {isa = PBXBuildFile; fileRef = 38E8484FE59848F3AEDA0100 /* ImageIO.framework */; settings = {ATTRIBUTES = (Weak, ); }; };
		B954AA4B23634B9186036005 /* CoreMotion.framework in Frameworks */ = {isa = PBXBuildFile; fileRef = D9F3A092E9604C48A32EBE35 /* CoreMotion.framework */; };
		B9ECB2E7F358411A981FF410 /* Diagnostic_Notifications.m in Sources */ = {isa = PBXBuildFile; fileRef = 567396CEFA2F41FA991F85AC /* Diagnostic_Notifications.m */; };
		BE4C2134845F4C8BAEFA7766 /* Diagnostic_Reminders.m in Sources */ = {isa = PBXBuildFile; fileRef = F1B8E480D7FA453D9A2EDF99 /* Diagnostic_Reminders.m */; };
		BECAB89A3A9041D688C823BE /* AVFoundation.framework in Frameworks */ = {isa = PBXBuildFile; fileRef = C818211F2697447993B6B138 /* AVFoundation.framework */; };
		C2083AEE4627428FBA3627C4 /* Diagnostic_Bluetooth.m in Sources */ = {isa = PBXBuildFile; fileRef = F30ADD4483C342EA83B3CCB6 /* Diagnostic_Bluetooth.m */; };
		D87E71ACEC4A49A5ABA6BF23 /* CDVBarcodeScanner.bundle in Resources */ = {isa = PBXBuildFile; fileRef = 12E6E373097746BCA6E11D4E /* CDVBarcodeScanner.bundle */; };
		E3C68F6402914A2F8C24CF1C /* Contacts.framework in Frameworks */ = {isa = PBXBuildFile; fileRef = F492AB92F3F2465FA891209E /* Contacts.framework */; };
		E540149C817049EAA5CF3010 /* UserNotifications.framework in Frameworks */ = {isa = PBXBuildFile; fileRef = 99E9C60B812849BFB2C0EEB0 /* UserNotifications.framework */; };
		ED4FF7683B2C4C3DBE6646D7 /* Airwatch.m in Sources */ = {isa = PBXBuildFile; fileRef = 083A3BBF46F64562AEB3E4DC /* Airwatch.m */; };
		F29700EB84A24623AB6162AC /* Photos.framework in Frameworks */ = {isa = PBXBuildFile; fileRef = 1AC27C0567B94D27ACE676DA /* Photos.framework */; };
		F2C63F5BD05C44EAB3FC48D7 /* CDVNotification.bundle in Resources */ = {isa = PBXBuildFile; fileRef = 31125E30DA5D48AE81A320E9 /* CDVNotification.bundle */; };
		F9F18F1182284F6FB69588CD /* TSBackgroundFetch.framework in Frameworks */ = {isa = PBXBuildFile; fileRef = D88AC275B20E493AB610DF49 /* TSBackgroundFetch.framework */; };
/* End PBXBuildFile section */

/* Begin PBXContainerItemProxy section */
		301BF534109A57CC0062928A /* PBXContainerItemProxy */ = {
			isa = PBXContainerItemProxy;
			containerPortal = 301BF52D109A57CC0062928A /* CordovaLib/CordovaLib.xcodeproj */;
			proxyType = 2;
			remoteGlobalIDString = D2AAC07E0554694100DB518D;
			remoteInfo = CordovaLib;
		};
		301BF550109A68C00062928A /* PBXContainerItemProxy */ = {
			isa = PBXContainerItemProxy;
			containerPortal = 301BF52D109A57CC0062928A /* CordovaLib/CordovaLib.xcodeproj */;
			proxyType = 1;
			remoteGlobalIDString = D2AAC07D0554694100DB518D;
			remoteInfo = CordovaLib;
		};
		E523386A24D961E40002A3C1 /* PBXContainerItemProxy */ = {
			isa = PBXContainerItemProxy;
			containerPortal = 301BF52D109A57CC0062928A /* CordovaLib/CordovaLib.xcodeproj */;
			proxyType = 2;
			remoteGlobalIDString = C0C01EB21E3911D50056E6CB;
			remoteInfo = Cordova;
		};
/* End PBXContainerItemProxy section */

/* Begin PBXFileReference section */
		013CF9CDB345498D81F1ED1E /* Diagnostic_Bluetooth.h */ = {isa = PBXFileReference; explicitFileType = undefined; fileEncoding = 4; includeInIndex = 0; lastKnownFileType = sourcecode.c.h; name = Diagnostic_Bluetooth.h; path = cordova.plugins.diagnostic/Diagnostic_Bluetooth.h; sourceTree = "<group>"; };
		0207DA571B56EA530066E2B4 /* Images.xcassets */ = {isa = PBXFileReference; lastKnownFileType = folder.assetcatalog; name = Images.xcassets; path = "Meal tracker/Images.xcassets"; sourceTree = SOURCE_ROOT; };
		083A3BBF46F64562AEB3E4DC /* Airwatch.m */ = {isa = PBXFileReference; explicitFileType = undefined; fileEncoding = 4; includeInIndex = 0; lastKnownFileType = sourcecode.c.objc; name = Airwatch.m; path = "cordova-airwatch/Airwatch.m"; sourceTree = "<group>"; };
		08C78A31E9F64610B5173A75 /* Diagnostic_Microphone.h */ = {isa = PBXFileReference; explicitFileType = undefined; fileEncoding = 4; includeInIndex = 0; lastKnownFileType = sourcecode.c.h; name = Diagnostic_Microphone.h; path = cordova.plugins.diagnostic/Diagnostic_Microphone.h; sourceTree = "<group>"; };
		12E6E373097746BCA6E11D4E /* CDVBarcodeScanner.bundle */ = {isa = PBXFileReference; explicitFileType = undefined; fileEncoding = 9; includeInIndex = 0; lastKnownFileType = "wrapper.plug-in"; path = CDVBarcodeScanner.bundle; sourceTree = "<group>"; };
		19832AF88ABA46A4B7B703A0 /* CDVNotification.h */ = {isa = PBXFileReference; explicitFileType = undefined; fileEncoding = 4; includeInIndex = 0; lastKnownFileType = sourcecode.c.h; name = CDVNotification.h; path = "cordova-plugin-dialogs/CDVNotification.h"; sourceTree = "<group>"; };
		1AC27C0567B94D27ACE676DA /* Photos.framework */ = {isa = PBXFileReference; explicitFileType = undefined; fileEncoding = 9; includeInIndex = 0; lastKnownFileType = wrapper.framework; name = Photos.framework; path = System/Library/Frameworks/Photos.framework; sourceTree = SDKROOT; };
		1BAD3E213FFA41DF90302B3B /* Diagnostic_Microphone.m */ = {isa = PBXFileReference; explicitFileType = undefined; fileEncoding = 4; includeInIndex = 0; lastKnownFileType = sourcecode.c.objc; name = Diagnostic_Microphone.m; path = cordova.plugins.diagnostic/Diagnostic_Microphone.m; sourceTree = "<group>"; };
		1D3623240D0F684500981E51 /* AppDelegate.h */ = {isa = PBXFileReference; fileEncoding = 4; lastKnownFileType = sourcecode.c.h; path = AppDelegate.h; sourceTree = "<group>"; };
		1D3623250D0F684500981E51 /* AppDelegate.m */ = {isa = PBXFileReference; fileEncoding = 4; lastKnownFileType = sourcecode.c.objc; path = AppDelegate.m; sourceTree = "<group>"; };
		1D6058910D05DD3D006BFB54 /* Meal tracker.app */ = {isa = PBXFileReference; explicitFileType = wrapper.application; includeInIndex = 0; path = "Meal tracker.app"; sourceTree = BUILT_PRODUCTS_DIR; };
		23582AFBA66B4C5F88780E18 /* CustomPSPDFThreadSafeMutableDictionary.m */ = {isa = PBXFileReference; explicitFileType = undefined; fileEncoding = 4; includeInIndex = 0; lastKnownFileType = sourcecode.c.objc; name = CustomPSPDFThreadSafeMutableDictionary.m; path = "cordova-sqlite-storage/CustomPSPDFThreadSafeMutableDictionary.m"; sourceTree = "<group>"; };
		25A5D6BC036A4871AEF8F7DE /* CDVBackgroundFetch.m */ = {isa = PBXFileReference; explicitFileType = undefined; fileEncoding = 4; includeInIndex = 0; lastKnownFileType = sourcecode.c.objc; name = CDVBackgroundFetch.m; path = "cordova-plugin-background-fetch/CDVBackgroundFetch.m"; sourceTree = "<group>"; };
		288A4D11B309497593A9B6FB /* sqlite3.c */ = {isa = PBXFileReference; explicitFileType = undefined; fileEncoding = 9; includeInIndex = 0; lastKnownFileType = unknown; name = sqlite3.c; path = "cordova-sqlite-storage/sqlite3.c"; sourceTree = "<group>"; };
		29B97316FDCFA39411CA2CEA /* main.m */ = {isa = PBXFileReference; fileEncoding = 4; lastKnownFileType = sourcecode.c.objc; path = main.m; sourceTree = "<group>"; };
		2E6EDC9C243D4FB78EA16469 /* CDVNotification.m */ = {isa = PBXFileReference; explicitFileType = undefined; fileEncoding = 4; includeInIndex = 0; lastKnownFileType = sourcecode.c.objc; name = CDVNotification.m; path = "cordova-plugin-dialogs/CDVNotification.m"; sourceTree = "<group>"; };
		301BF52D109A57CC0062928A /* CordovaLib/CordovaLib.xcodeproj */ = {isa = PBXFileReference; lastKnownFileType = "wrapper.pb-project"; path = CordovaLib/CordovaLib.xcodeproj; sourceTree = "<group>"; };
		301BF56E109A69640062928A /* www */ = {isa = PBXFileReference; lastKnownFileType = folder; path = www; sourceTree = SOURCE_ROOT; };
		302D95EE14D2391D003F00A1 /* MainViewController.h */ = {isa = PBXFileReference; fileEncoding = 4; lastKnownFileType = sourcecode.c.h; path = MainViewController.h; sourceTree = "<group>"; };
		302D95EF14D2391D003F00A1 /* MainViewController.m */ = {isa = PBXFileReference; fileEncoding = 4; lastKnownFileType = sourcecode.c.objc; path = MainViewController.m; sourceTree = "<group>"; };
		302D95F014D2391D003F00A1 /* MainViewController.xib */ = {isa = PBXFileReference; fileEncoding = 4; lastKnownFileType = file.xib; path = MainViewController.xib; sourceTree = "<group>"; };
		3047A50F1AB8059700498E2A /* build-debug.xcconfig */ = {isa = PBXFileReference; fileEncoding = 4; lastKnownFileType = text.xcconfig; name = "build-debug.xcconfig"; path = "cordova/build-debug.xcconfig"; sourceTree = SOURCE_ROOT; };
		3047A5101AB8059700498E2A /* build-release.xcconfig */ = {isa = PBXFileReference; fileEncoding = 4; lastKnownFileType = text.xcconfig; name = "build-release.xcconfig"; path = "cordova/build-release.xcconfig"; sourceTree = SOURCE_ROOT; };
		3047A5111AB8059700498E2A /* build.xcconfig */ = {isa = PBXFileReference; fileEncoding = 4; lastKnownFileType = text.xcconfig; name = build.xcconfig; path = cordova/build.xcconfig; sourceTree = SOURCE_ROOT; };
		31125E30DA5D48AE81A320E9 /* CDVNotification.bundle */ = {isa = PBXFileReference; explicitFileType = undefined; fileEncoding = 9; includeInIndex = 0; lastKnownFileType = "wrapper.plug-in"; path = CDVNotification.bundle; sourceTree = "<group>"; };
		32CA4F630368D1EE00C91783 /* Meal tracker-Prefix.pch */ = {isa = PBXFileReference; fileEncoding = 4; lastKnownFileType = sourcecode.c.h; path = "Meal tracker-Prefix.pch"; sourceTree = "<group>"; };
		38E8484FE59848F3AEDA0100 /* ImageIO.framework */ = {isa = PBXFileReference; explicitFileType = undefined; fileEncoding = 9; includeInIndex = 0; lastKnownFileType = wrapper.framework; name = ImageIO.framework; path = System/Library/Frameworks/ImageIO.framework; sourceTree = SDKROOT; };
		3C087493A8F642ACB018F262 /* Diagnostic_Location.m */ = {isa = PBXFileReference; explicitFileType = undefined; fileEncoding = 4; includeInIndex = 0; lastKnownFileType = sourcecode.c.objc; name = Diagnostic_Location.m; path = cordova.plugins.diagnostic/Diagnostic_Location.m; sourceTree = "<group>"; };
		3CC8842CCD7B4C3E84F219D1 /* CoreBluetooth.framework */ = {isa = PBXFileReference; explicitFileType = undefined; fileEncoding = 9; includeInIndex = 0; lastKnownFileType = wrapper.framework; name = CoreBluetooth.framework; path = System/Library/Frameworks/CoreBluetooth.framework; sourceTree = SDKROOT; };
		3E5BB02F067C4EEA91D0B1E4 /* CDVBackgroundFetch.h */ = {isa = PBXFileReference; explicitFileType = undefined; fileEncoding = 4; includeInIndex = 0; lastKnownFileType = sourcecode.c.h; name = CDVBackgroundFetch.h; path = "cordova-plugin-background-fetch/CDVBackgroundFetch.h"; sourceTree = "<group>"; };
		4543D01E702D4E2994BA5E1A /* CDVBarcodeScanner.mm */ = {isa = PBXFileReference; explicitFileType = undefined; fileEncoding = 9; includeInIndex = 0; lastKnownFileType = unknown; name = CDVBarcodeScanner.mm; path = "phonegap-plugin-barcodescanner/CDVBarcodeScanner.mm"; sourceTree = "<group>"; };
		4DBC6BED6EE04AFCA3549CA9 /* CDVLocation.m */ = {isa = PBXFileReference; explicitFileType = undefined; fileEncoding = 4; includeInIndex = 0; lastKnownFileType = sourcecode.c.objc; name = CDVLocation.m; path = "cordova-plugin-geolocation/CDVLocation.m"; sourceTree = "<group>"; };
		55B750B4F0BD42D5BA81727A /* Diagnostic_Wifi.m */ = {isa = PBXFileReference; explicitFileType = undefined; fileEncoding = 4; includeInIndex = 0; lastKnownFileType = sourcecode.c.objc; name = Diagnostic_Wifi.m; path = cordova.plugins.diagnostic/Diagnostic_Wifi.m; sourceTree = "<group>"; };
		567396CEFA2F41FA991F85AC /* Diagnostic_Notifications.m */ = {isa = PBXFileReference; explicitFileType = undefined; fileEncoding = 4; includeInIndex = 0; lastKnownFileType = sourcecode.c.objc; name = Diagnostic_Notifications.m; path = cordova.plugins.diagnostic/Diagnostic_Notifications.m; sourceTree = "<group>"; };
		5D0CCBBA719F49FB9B4523E5 /* Diagnostic.h */ = {isa = PBXFileReference; explicitFileType = undefined; fileEncoding = 4; includeInIndex = 0; lastKnownFileType = sourcecode.c.h; name = Diagnostic.h; path = cordova.plugins.diagnostic/Diagnostic.h; sourceTree = "<group>"; };
		5D58808B2D264A6D845BB8A6 /* Diagnostic_Notifications.h */ = {isa = PBXFileReference; explicitFileType = undefined; fileEncoding = 4; includeInIndex = 0; lastKnownFileType = sourcecode.c.h; name = Diagnostic_Notifications.h; path = cordova.plugins.diagnostic/Diagnostic_Notifications.h; sourceTree = "<group>"; };
		61CFEEF0DEBF441AB25CFEA8 /* EventKit.framework */ = {isa = PBXFileReference; explicitFileType = undefined; fileEncoding = 9; includeInIndex = 0; lastKnownFileType = wrapper.framework; name = EventKit.framework; path = System/Library/Frameworks/EventKit.framework; sourceTree = SDKROOT; };
		67618DE4B5E84ACBA667029D /* CDVJpegHeaderWriter.m */ = {isa = PBXFileReference; explicitFileType = undefined; fileEncoding = 4; includeInIndex = 0; lastKnownFileType = sourcecode.c.objc; name = CDVJpegHeaderWriter.m; path = "cordova-plugin-camera/CDVJpegHeaderWriter.m"; sourceTree = "<group>"; };
		68D751D3DFE14B71B78558F9 /* UIImage+CropScaleOrientation.m */ = {isa = PBXFileReference; explicitFileType = undefined; fileEncoding = 4; includeInIndex = 0; lastKnownFileType = sourcecode.c.objc; name = "UIImage+CropScaleOrientation.m"; path = "cordova-plugin-camera/UIImage+CropScaleOrientation.m"; sourceTree = "<group>"; };
		6AFF5BF81D6E424B00AB3073 /* CDVLaunchScreen.storyboard */ = {isa = PBXFileReference; fileEncoding = 4; lastKnownFileType = file.storyboard; name = CDVLaunchScreen.storyboard; path = "Meal tracker/CDVLaunchScreen.storyboard"; sourceTree = SOURCE_ROOT; };
		6F91F0A64DF749FF9BF95DC6 /* Diagnostic_Contacts.m */ = {isa = PBXFileReference; explicitFileType = undefined; fileEncoding = 4; includeInIndex = 0; lastKnownFileType = sourcecode.c.objc; name = Diagnostic_Contacts.m; path = cordova.plugins.diagnostic/Diagnostic_Contacts.m; sourceTree = "<group>"; };
		7537AC4011F54AE8A8D45704 /* CDVOrientation.m */ = {isa = PBXFileReference; explicitFileType = undefined; fileEncoding = 4; includeInIndex = 0; lastKnownFileType = sourcecode.c.objc; name = CDVOrientation.m; path = "cordova-plugin-screen-orientation/CDVOrientation.m"; sourceTree = "<group>"; };
		77E6454BDD4D40F29F3C12E5 /* CDVExif.h */ = {isa = PBXFileReference; explicitFileType = undefined; fileEncoding = 4; includeInIndex = 0; lastKnownFileType = sourcecode.c.h; name = CDVExif.h; path = "cordova-plugin-camera/CDVExif.h"; sourceTree = "<group>"; };
		798C3BD23A894F46BBDC5C1B /* Diagnostic_Camera.h */ = {isa = PBXFileReference; explicitFileType = undefined; fileEncoding = 4; includeInIndex = 0; lastKnownFileType = sourcecode.c.h; name = Diagnostic_Camera.h; path = cordova.plugins.diagnostic/Diagnostic_Camera.h; sourceTree = "<group>"; };
		7BAB25975CF74B6395114354 /* Diagnostic.m */ = {isa = PBXFileReference; explicitFileType = undefined; fileEncoding = 4; includeInIndex = 0; lastKnownFileType = sourcecode.c.objc; name = Diagnostic.m; path = cordova.plugins.diagnostic/Diagnostic.m; sourceTree = "<group>"; };
		7E57664224B44940BB4C9306 /* CDVLocation.h */ = {isa = PBXFileReference; explicitFileType = undefined; fileEncoding = 4; includeInIndex = 0; lastKnownFileType = sourcecode.c.h; name = CDVLocation.h; path = "cordova-plugin-geolocation/CDVLocation.h"; sourceTree = "<group>"; };
		7E97CE97557445438FDD2A05 /* Diagnostic_Location.h */ = {isa = PBXFileReference; explicitFileType = undefined; fileEncoding = 4; includeInIndex = 0; lastKnownFileType = sourcecode.c.h; name = Diagnostic_Location.h; path = cordova.plugins.diagnostic/Diagnostic_Location.h; sourceTree = "<group>"; };
		817EDAB14D22466C9DEF6EC2 /* CoreLocation.framework */ = {isa = PBXFileReference; explicitFileType = undefined; fileEncoding = 9; includeInIndex = 0; lastKnownFileType = wrapper.framework; name = CoreLocation.framework; path = System/Library/Frameworks/CoreLocation.framework; sourceTree = SDKROOT; };
		82F5AE5327A14E5494FE9BD8 /* Diagnostic_Contacts.h */ = {isa = PBXFileReference; explicitFileType = undefined; fileEncoding = 4; includeInIndex = 0; lastKnownFileType = sourcecode.c.h; name = Diagnostic_Contacts.h; path = cordova.plugins.diagnostic/Diagnostic_Contacts.h; sourceTree = "<group>"; };
		84EFB0B9B3124F69A42BE39F /* Diagnostic_Motion.m */ = {isa = PBXFileReference; explicitFileType = undefined; fileEncoding = 4; includeInIndex = 0; lastKnownFileType = sourcecode.c.objc; name = Diagnostic_Motion.m; path = cordova.plugins.diagnostic/Diagnostic_Motion.m; sourceTree = "<group>"; };
		8D1107310486CEB800E47090 /* Meal tracker-Info.plist */ = {isa = PBXFileReference; fileEncoding = 4; lastKnownFileType = text.plist.xml; name = "Meal tracker-Info.plist"; path = "Meal tracker/Meal tracker-Info.plist"; plistStructureDefinitionIdentifier = "com.apple.xcode.plist.structure-definition.iphone.info-plist"; sourceTree = SOURCE_ROOT; };
		95B0AC9D65364896B8A08FAE /* Diagnostic_Calendar.h */ = {isa = PBXFileReference; explicitFileType = undefined; fileEncoding = 4; includeInIndex = 0; lastKnownFileType = sourcecode.c.h; name = Diagnostic_Calendar.h; path = cordova.plugins.diagnostic/Diagnostic_Calendar.h; sourceTree = "<group>"; };
		9931683994054562A9DFCFF7 /* UIImage+CropScaleOrientation.h */ = {isa = PBXFileReference; explicitFileType = undefined; fileEncoding = 4; includeInIndex = 0; lastKnownFileType = sourcecode.c.h; name = "UIImage+CropScaleOrientation.h"; path = "cordova-plugin-camera/UIImage+CropScaleOrientation.h"; sourceTree = "<group>"; };
		99E9C60B812849BFB2C0EEB0 /* UserNotifications.framework */ = {isa = PBXFileReference; explicitFileType = undefined; fileEncoding = 9; includeInIndex = 0; lastKnownFileType = wrapper.framework; name = UserNotifications.framework; path = System/Library/Frameworks/UserNotifications.framework; sourceTree = SDKROOT; };
		9CA17870D4264765918B3907 /* SQLitePlugin.h */ = {isa = PBXFileReference; explicitFileType = undefined; fileEncoding = 4; includeInIndex = 0; lastKnownFileType = sourcecode.c.h; name = SQLitePlugin.h; path = "cordova-sqlite-storage/SQLitePlugin.h"; sourceTree = "<group>"; };
		A7B61A55323448A291DF00B0 /* AudioToolbox.framework */ = {isa = PBXFileReference; explicitFileType = undefined; fileEncoding = 9; includeInIndex = 0; lastKnownFileType = wrapper.framework; name = AudioToolbox.framework; path = System/Library/Frameworks/AudioToolbox.framework; sourceTree = SDKROOT; };
		B01D82CDF1B340BE8BDBA38A /* scannerOverlay.xib */ = {isa = PBXFileReference; explicitFileType = undefined; fileEncoding = 9; includeInIndex = 0; lastKnownFileType = file.xib; path = scannerOverlay.xib; sourceTree = "<group>"; };
		BB34D56E878042C0A667589B /* CDVJpegHeaderWriter.h */ = {isa = PBXFileReference; explicitFileType = undefined; fileEncoding = 4; includeInIndex = 0; lastKnownFileType = sourcecode.c.h; name = CDVJpegHeaderWriter.h; path = "cordova-plugin-camera/CDVJpegHeaderWriter.h"; sourceTree = "<group>"; };
		C102ADFC6D75436997727336 /* AddressBook.framework */ = {isa = PBXFileReference; explicitFileType = undefined; fileEncoding = 9; includeInIndex = 0; lastKnownFileType = wrapper.framework; name = AddressBook.framework; path = System/Library/Frameworks/AddressBook.framework; sourceTree = SDKROOT; };
		C2E8C20C15494451953B0754 /* CDVCamera.m */ = {isa = PBXFileReference; explicitFileType = undefined; fileEncoding = 4; includeInIndex = 0; lastKnownFileType = sourcecode.c.objc; name = CDVCamera.m; path = "cordova-plugin-camera/CDVCamera.m"; sourceTree = "<group>"; };
		C7BFA02633284763953B9DC1 /* CDVCamera.h */ = {isa = PBXFileReference; explicitFileType = undefined; fileEncoding = 4; includeInIndex = 0; lastKnownFileType = sourcecode.c.h; name = CDVCamera.h; path = "cordova-plugin-camera/CDVCamera.h"; sourceTree = "<group>"; };
		C818211F2697447993B6B138 /* AVFoundation.framework */ = {isa = PBXFileReference; explicitFileType = undefined; fileEncoding = 9; includeInIndex = 0; lastKnownFileType = wrapper.framework; name = AVFoundation.framework; path = System/Library/Frameworks/AVFoundation.framework; sourceTree = SDKROOT; };
		D15BB8808B67410783E5D03D /* Diagnostic_Calendar.m */ = {isa = PBXFileReference; explicitFileType = undefined; fileEncoding = 4; includeInIndex = 0; lastKnownFileType = sourcecode.c.objc; name = Diagnostic_Calendar.m; path = cordova.plugins.diagnostic/Diagnostic_Calendar.m; sourceTree = "<group>"; };
		D198688137B24B0E8B2B29D9 /* Diagnostic_Reminders.h */ = {isa = PBXFileReference; explicitFileType = undefined; fileEncoding = 4; includeInIndex = 0; lastKnownFileType = sourcecode.c.h; name = Diagnostic_Reminders.h; path = cordova.plugins.diagnostic/Diagnostic_Reminders.h; sourceTree = "<group>"; };
		D34CBC8E6E424DE8BE3D6CCA /* CDVOrientation.h */ = {isa = PBXFileReference; explicitFileType = undefined; fileEncoding = 4; includeInIndex = 0; lastKnownFileType = sourcecode.c.h; name = CDVOrientation.h; path = "cordova-plugin-screen-orientation/CDVOrientation.h"; sourceTree = "<group>"; };
		D77979843F3C4BFDB28D458D /* sqlite3.h */ = {isa = PBXFileReference; explicitFileType = undefined; fileEncoding = 4; includeInIndex = 0; lastKnownFileType = sourcecode.c.h; name = sqlite3.h; path = "cordova-sqlite-storage/sqlite3.h"; sourceTree = "<group>"; };
		D88AC275B20E493AB610DF49 /* TSBackgroundFetch.framework */ = {isa = PBXFileReference; explicitFileType = undefined; fileEncoding = 9; includeInIndex = 0; lastKnownFileType = wrapper.framework; name = TSBackgroundFetch.framework; path = "Meal tracker/Plugins/cordova-plugin-background-fetch/TSBackgroundFetch.framework"; sourceTree = "<group>"; };
		D9F3A092E9604C48A32EBE35 /* CoreMotion.framework */ = {isa = PBXFileReference; explicitFileType = undefined; fileEncoding = 9; includeInIndex = 0; lastKnownFileType = wrapper.framework; name = CoreMotion.framework; path = System/Library/Frameworks/CoreMotion.framework; sourceTree = SDKROOT; };
		EA4119AC0A2049908EC2D261 /* Diagnostic_Motion.h */ = {isa = PBXFileReference; explicitFileType = undefined; fileEncoding = 4; includeInIndex = 0; lastKnownFileType = sourcecode.c.h; name = Diagnostic_Motion.h; path = cordova.plugins.diagnostic/Diagnostic_Motion.h; sourceTree = "<group>"; };
		EB87FDF31871DA8E0020F90C /* www */ = {isa = PBXFileReference; lastKnownFileType = folder; name = www; path = ../../www; sourceTree = "<group>"; };
		EB87FDF41871DAF40020F90C /* config.xml */ = {isa = PBXFileReference; lastKnownFileType = text.xml; name = config.xml; path = ../../config.xml; sourceTree = "<group>"; };
		ED33DF2A687741AEAF9F8254 /* Bridging-Header.h */ = {isa = PBXFileReference; fileEncoding = 4; lastKnownFileType = sourcecode.c.h; path = "Bridging-Header.h"; sourceTree = "<group>"; };
		EE29D4D5715247F7AC1BB7F4 /* SQLitePlugin.m */ = {isa = PBXFileReference; explicitFileType = undefined; fileEncoding = 4; includeInIndex = 0; lastKnownFileType = sourcecode.c.objc; name = SQLitePlugin.m; path = "cordova-sqlite-storage/SQLitePlugin.m"; sourceTree = "<group>"; };
		F1B8E480D7FA453D9A2EDF99 /* Diagnostic_Reminders.m */ = {isa = PBXFileReference; explicitFileType = undefined; fileEncoding = 4; includeInIndex = 0; lastKnownFileType = sourcecode.c.objc; name = Diagnostic_Reminders.m; path = cordova.plugins.diagnostic/Diagnostic_Reminders.m; sourceTree = "<group>"; };
		F30ADD4483C342EA83B3CCB6 /* Diagnostic_Bluetooth.m */ = {isa = PBXFileReference; explicitFileType = undefined; fileEncoding = 4; includeInIndex = 0; lastKnownFileType = sourcecode.c.objc; name = Diagnostic_Bluetooth.m; path = cordova.plugins.diagnostic/Diagnostic_Bluetooth.m; sourceTree = "<group>"; };
		F492AB92F3F2465FA891209E /* Contacts.framework */ = {isa = PBXFileReference; explicitFileType = undefined; fileEncoding = 9; includeInIndex = 0; lastKnownFileType = wrapper.framework; name = Contacts.framework; path = System/Library/Frameworks/Contacts.framework; sourceTree = SDKROOT; };
		F5961BF15D064D18ADAD03C0 /* Airwatch.h */ = {isa = PBXFileReference; explicitFileType = undefined; fileEncoding = 4; includeInIndex = 0; lastKnownFileType = sourcecode.c.h; name = Airwatch.h; path = "cordova-airwatch/Airwatch.h"; sourceTree = "<group>"; };
		F840E1F0165FE0F500CFE078 /* config.xml */ = {isa = PBXFileReference; lastKnownFileType = text.xml; name = config.xml; path = "Meal tracker/config.xml"; sourceTree = "<group>"; };
		F942D262B1AB4C3FAF28D271 /* Diagnostic_Camera.m */ = {isa = PBXFileReference; explicitFileType = undefined; fileEncoding = 4; includeInIndex = 0; lastKnownFileType = sourcecode.c.objc; name = Diagnostic_Camera.m; path = cordova.plugins.diagnostic/Diagnostic_Camera.m; sourceTree = "<group>"; };
		FB3A57D5765D4646A9A850DD /* Diagnostic_Wifi.h */ = {isa = PBXFileReference; explicitFileType = undefined; fileEncoding = 4; includeInIndex = 0; lastKnownFileType = sourcecode.c.h; name = Diagnostic_Wifi.h; path = cordova.plugins.diagnostic/Diagnostic_Wifi.h; sourceTree = "<group>"; };
/* End PBXFileReference section */

/* Begin PBXFrameworksBuildPhase section */
		1D60588F0D05DD3D006BFB54 /* Frameworks */ = {
			isa = PBXFrameworksBuildPhase;
			buildActionMask = 2147483647;
			files = (
				301BF552109A68D80062928A /* libCordova.a in Frameworks */,
				F9F18F1182284F6FB69588CD /* TSBackgroundFetch.framework in Frameworks */,
				B784874C17F5498D83583E64 /* ImageIO.framework in Frameworks */,
				8FCDE94072FD4B8D8F6A7786 /* CoreLocation.framework in Frameworks */,
				BECAB89A3A9041D688C823BE /* AVFoundation.framework in Frameworks */,
				ACD993B5148D41238A0989CD /* AudioToolbox.framework in Frameworks */,
				9E9B9F80A7224D008FF6B783 /* CoreBluetooth.framework in Frameworks */,
				F29700EB84A24623AB6162AC /* Photos.framework in Frameworks */,
				E540149C817049EAA5CF3010 /* UserNotifications.framework in Frameworks */,
				E3C68F6402914A2F8C24CF1C /* Contacts.framework in Frameworks */,
				53AF3E9841FC4A459D40963B /* AddressBook.framework in Frameworks */,
				4A6539C683EB4D6BAEFA7D4D /* EventKit.framework in Frameworks */,
				B954AA4B23634B9186036005 /* CoreMotion.framework in Frameworks */,
			);
			runOnlyForDeploymentPostprocessing = 0;
		};
/* End PBXFrameworksBuildPhase section */

/* Begin PBXGroup section */
		080E96DDFE201D6D7F000001 /* Classes */ = {
			isa = PBXGroup;
			children = (
				302D95EE14D2391D003F00A1 /* MainViewController.h */,
				302D95EF14D2391D003F00A1 /* MainViewController.m */,
				302D95F014D2391D003F00A1 /* MainViewController.xib */,
				1D3623240D0F684500981E51 /* AppDelegate.h */,
				1D3623250D0F684500981E51 /* AppDelegate.m */,
			);
			name = Classes;
			path = "Meal tracker/Classes";
			sourceTree = SOURCE_ROOT;
		};
		19C28FACFE9D520D11CA2CBB /* Products */ = {
			isa = PBXGroup;
			children = (
				1D6058910D05DD3D006BFB54 /* Meal tracker.app */,
			);
			name = Products;
			sourceTree = "<group>";
		};
		29B97314FDCFA39411CA2CEA /* CustomTemplate */ = {
			isa = PBXGroup;
			children = (
				EB87FDF41871DAF40020F90C /* config.xml */,
				EB87FDF31871DA8E0020F90C /* www */,
				EB87FDF11871DA420020F90C /* Staging */,
				301BF52D109A57CC0062928A /* CordovaLib/CordovaLib.xcodeproj */,
				080E96DDFE201D6D7F000001 /* Classes */,
				307C750510C5A3420062BCA9 /* Plugins */,
				29B97315FDCFA39411CA2CEA /* Other Sources */,
				29B97317FDCFA39411CA2CEA /* Resources */,
				29B97323FDCFA39411CA2CEA /* Frameworks */,
				19C28FACFE9D520D11CA2CBB /* Products */,
			);
			name = CustomTemplate;
			sourceTree = "<group>";
		};
		29B97315FDCFA39411CA2CEA /* Other Sources */ = {
			isa = PBXGroup;
			children = (
				32CA4F630368D1EE00C91783 /* Meal tracker-Prefix.pch */,
				29B97316FDCFA39411CA2CEA /* main.m */,
				ED33DF2A687741AEAF9F8254 /* Bridging-Header.h */,
			);
			name = "Other Sources";
			path = "Meal tracker";
			sourceTree = "<group>";
		};
		29B97317FDCFA39411CA2CEA /* Resources */ = {
			isa = PBXGroup;
			children = (
				0207DA571B56EA530066E2B4 /* Images.xcassets */,
				3047A50E1AB8057F00498E2A /* config */,
				8D1107310486CEB800E47090 /* Meal tracker-Info.plist */,
				6AFF5BF81D6E424B00AB3073 /* CDVLaunchScreen.storyboard */,
				31125E30DA5D48AE81A320E9 /* CDVNotification.bundle */,
				B01D82CDF1B340BE8BDBA38A /* scannerOverlay.xib */,
				12E6E373097746BCA6E11D4E /* CDVBarcodeScanner.bundle */,
			);
			name = Resources;
			path = "Meal tracker/Resources";
			sourceTree = "<group>";
		};
		29B97323FDCFA39411CA2CEA /* Frameworks */ = {
			isa = PBXGroup;
			children = (
				D88AC275B20E493AB610DF49 /* TSBackgroundFetch.framework */,
				38E8484FE59848F3AEDA0100 /* ImageIO.framework */,
				817EDAB14D22466C9DEF6EC2 /* CoreLocation.framework */,
				C818211F2697447993B6B138 /* AVFoundation.framework */,
				A7B61A55323448A291DF00B0 /* AudioToolbox.framework */,
				3CC8842CCD7B4C3E84F219D1 /* CoreBluetooth.framework */,
				1AC27C0567B94D27ACE676DA /* Photos.framework */,
				99E9C60B812849BFB2C0EEB0 /* UserNotifications.framework */,
				F492AB92F3F2465FA891209E /* Contacts.framework */,
				C102ADFC6D75436997727336 /* AddressBook.framework */,
				61CFEEF0DEBF441AB25CFEA8 /* EventKit.framework */,
				D9F3A092E9604C48A32EBE35 /* CoreMotion.framework */,
			);
			name = Frameworks;
			sourceTree = "<group>";
		};
		301BF52E109A57CC0062928A /* Products */ = {
			isa = PBXGroup;
			children = (
				301BF535109A57CC0062928A /* libCordova.a */,
				E523386B24D961E40002A3C1 /* Cordova.framework */,
			);
			name = Products;
			sourceTree = "<group>";
		};
		3047A50E1AB8057F00498E2A /* config */ = {
			isa = PBXGroup;
			children = (
				3047A50F1AB8059700498E2A /* build-debug.xcconfig */,
				3047A5101AB8059700498E2A /* build-release.xcconfig */,
				3047A5111AB8059700498E2A /* build.xcconfig */,
			);
			name = config;
			sourceTree = "<group>";
		};
		307C750510C5A3420062BCA9 /* Plugins */ = {
			isa = PBXGroup;
			children = (
				083A3BBF46F64562AEB3E4DC /* Airwatch.m */,
				F5961BF15D064D18ADAD03C0 /* Airwatch.h */,
				25A5D6BC036A4871AEF8F7DE /* CDVBackgroundFetch.m */,
				3E5BB02F067C4EEA91D0B1E4 /* CDVBackgroundFetch.h */,
				68D751D3DFE14B71B78558F9 /* UIImage+CropScaleOrientation.m */,
				C2E8C20C15494451953B0754 /* CDVCamera.m */,
				67618DE4B5E84ACBA667029D /* CDVJpegHeaderWriter.m */,
				9931683994054562A9DFCFF7 /* UIImage+CropScaleOrientation.h */,
				C7BFA02633284763953B9DC1 /* CDVCamera.h */,
				BB34D56E878042C0A667589B /* CDVJpegHeaderWriter.h */,
				77E6454BDD4D40F29F3C12E5 /* CDVExif.h */,
				2E6EDC9C243D4FB78EA16469 /* CDVNotification.m */,
				19832AF88ABA46A4B7B703A0 /* CDVNotification.h */,
				4DBC6BED6EE04AFCA3549CA9 /* CDVLocation.m */,
				7E57664224B44940BB4C9306 /* CDVLocation.h */,
				7537AC4011F54AE8A8D45704 /* CDVOrientation.m */,
				D34CBC8E6E424DE8BE3D6CCA /* CDVOrientation.h */,
				EE29D4D5715247F7AC1BB7F4 /* SQLitePlugin.m */,
				23582AFBA66B4C5F88780E18 /* CustomPSPDFThreadSafeMutableDictionary.m */,
				288A4D11B309497593A9B6FB /* sqlite3.c */,
				9CA17870D4264765918B3907 /* SQLitePlugin.h */,
				D77979843F3C4BFDB28D458D /* sqlite3.h */,
				7BAB25975CF74B6395114354 /* Diagnostic.m */,
				3C087493A8F642ACB018F262 /* Diagnostic_Location.m */,
				F30ADD4483C342EA83B3CCB6 /* Diagnostic_Bluetooth.m */,
				55B750B4F0BD42D5BA81727A /* Diagnostic_Wifi.m */,
				F942D262B1AB4C3FAF28D271 /* Diagnostic_Camera.m */,
				567396CEFA2F41FA991F85AC /* Diagnostic_Notifications.m */,
				1BAD3E213FFA41DF90302B3B /* Diagnostic_Microphone.m */,
				6F91F0A64DF749FF9BF95DC6 /* Diagnostic_Contacts.m */,
				D15BB8808B67410783E5D03D /* Diagnostic_Calendar.m */,
				F1B8E480D7FA453D9A2EDF99 /* Diagnostic_Reminders.m */,
				84EFB0B9B3124F69A42BE39F /* Diagnostic_Motion.m */,
				5D0CCBBA719F49FB9B4523E5 /* Diagnostic.h */,
				7E97CE97557445438FDD2A05 /* Diagnostic_Location.h */,
				013CF9CDB345498D81F1ED1E /* Diagnostic_Bluetooth.h */,
				FB3A57D5765D4646A9A850DD /* Diagnostic_Wifi.h */,
				798C3BD23A894F46BBDC5C1B /* Diagnostic_Camera.h */,
				5D58808B2D264A6D845BB8A6 /* Diagnostic_Notifications.h */,
				08C78A31E9F64610B5173A75 /* Diagnostic_Microphone.h */,
				82F5AE5327A14E5494FE9BD8 /* Diagnostic_Contacts.h */,
				95B0AC9D65364896B8A08FAE /* Diagnostic_Calendar.h */,
				D198688137B24B0E8B2B29D9 /* Diagnostic_Reminders.h */,
				EA4119AC0A2049908EC2D261 /* Diagnostic_Motion.h */,
				4543D01E702D4E2994BA5E1A /* CDVBarcodeScanner.mm */,
			);
			name = Plugins;
			path = "Meal tracker/Plugins";
			sourceTree = SOURCE_ROOT;
		};
		EB87FDF11871DA420020F90C /* Staging */ = {
			isa = PBXGroup;
			children = (
				F840E1F0165FE0F500CFE078 /* config.xml */,
				301BF56E109A69640062928A /* www */,
			);
			name = Staging;
			sourceTree = "<group>";
		};
/* End PBXGroup section */

/* Begin PBXNativeTarget section */
		1D6058900D05DD3D006BFB54 /* Meal tracker */ = {
			isa = PBXNativeTarget;
			buildConfigurationList = 1D6058960D05DD3E006BFB54 /* Build configuration list for PBXNativeTarget "Meal tracker" */;
			buildPhases = (
				304B58A110DAC018002A0835 /* Copy www directory */,
				1D60588D0D05DD3D006BFB54 /* Resources */,
				1D60588E0D05DD3D006BFB54 /* Sources */,
				1D60588F0D05DD3D006BFB54 /* Frameworks */,
			);
			buildRules = (
			);
			dependencies = (
				301BF551109A68C00062928A /* PBXTargetDependency */,
			);
			name = "Meal tracker";
			productName = "Meal tracker";
			productReference = 1D6058910D05DD3D006BFB54 /* Meal tracker.app */;
			productType = "com.apple.product-type.application";
		};
/* End PBXNativeTarget section */

/* Begin PBXProject section */
		29B97313FDCFA39411CA2CEA /* Project object */ = {
			isa = PBXProject;
			attributes = {
				LastUpgradeCheck = 510;
				TargetAttributes = {
					1D6058900D05DD3D006BFB54 = {
						DevelopmentTeam = SA9HWB836K;
					};
				};
			};
			buildConfigurationList = C01FCF4E08A954540054247B /* Build configuration list for PBXProject "Meal tracker" */;
			compatibilityVersion = "Xcode 3.2";
			developmentRegion = English;
			hasScannedForEncodings = 1;
			knownRegions = (
				en,
			);
			mainGroup = 29B97314FDCFA39411CA2CEA /* CustomTemplate */;
			projectDirPath = "";
			projectReferences = (
				{
					ProductGroup = 301BF52E109A57CC0062928A /* Products */;
					ProjectRef = 301BF52D109A57CC0062928A /* CordovaLib/CordovaLib.xcodeproj */;
				},
			);
			projectRoot = "";
			targets = (
				1D6058900D05DD3D006BFB54 /* Meal tracker */,
			);
		};
/* End PBXProject section */

/* Begin PBXReferenceProxy section */
		301BF535109A57CC0062928A /* libCordova.a */ = {
			isa = PBXReferenceProxy;
			fileType = archive.ar;
			path = libCordova.a;
			remoteRef = 301BF534109A57CC0062928A /* PBXContainerItemProxy */;
			sourceTree = BUILT_PRODUCTS_DIR;
		};
		E523386B24D961E40002A3C1 /* Cordova.framework */ = {
			isa = PBXReferenceProxy;
			fileType = wrapper.framework;
			path = Cordova.framework;
			remoteRef = E523386A24D961E40002A3C1 /* PBXContainerItemProxy */;
			sourceTree = BUILT_PRODUCTS_DIR;
		};
/* End PBXReferenceProxy section */

/* Begin PBXResourcesBuildPhase section */
		1D60588D0D05DD3D006BFB54 /* Resources */ = {
			isa = PBXResourcesBuildPhase;
			buildActionMask = 2147483647;
			files = (
				302D95F214D2391D003F00A1 /* MainViewController.xib in Resources */,
				0207DA581B56EA530066E2B4 /* Images.xcassets in Resources */,
				6AFF5BF91D6E424B00AB3073 /* CDVLaunchScreen.storyboard in Resources */,
				F2C63F5BD05C44EAB3FC48D7 /* CDVNotification.bundle in Resources */,
				9310AB322F9840D89B090FCF /* scannerOverlay.xib in Resources */,
				D87E71ACEC4A49A5ABA6BF23 /* CDVBarcodeScanner.bundle in Resources */,
			);
			runOnlyForDeploymentPostprocessing = 0;
		};
/* End PBXResourcesBuildPhase section */

/* Begin PBXShellScriptBuildPhase section */
		304B58A110DAC018002A0835 /* Copy www directory */ = {
			isa = PBXShellScriptBuildPhase;
			buildActionMask = 2147483647;
			files = (
			);
			inputPaths = (
			);
			name = "Copy www directory";
			outputPaths = (
			);
			runOnlyForDeploymentPostprocessing = 0;
			shellPath = /bin/sh;
			shellScript = "NODEJS_PATH=/usr/local/bin; NVM_NODE_PATH=~/.nvm/versions/node/`nvm version 2>/dev/null`/bin; N_NODE_PATH=`find /usr/local/n/versions/node/* -maxdepth 0 -type d 2>/dev/null | tail -1`/bin; XCODE_NODE_PATH=`xcode-select --print-path`/usr/share/xcs/Node/bin; PATH=$NODEJS_PATH:$NVM_NODE_PATH:$N_NODE_PATH:$XCODE_NODE_PATH:$PATH && node cordova/lib/copy-www-build-step.js";
			showEnvVarsInLog = 0;
		};
/* End PBXShellScriptBuildPhase section */

/* Begin PBXSourcesBuildPhase section */
		1D60588E0D05DD3D006BFB54 /* Sources */ = {
			isa = PBXSourcesBuildPhase;
			buildActionMask = 2147483647;
			files = (
				1D60589B0D05DD56006BFB54 /* main.m in Sources */,
				1D3623260D0F684500981E51 /* AppDelegate.m in Sources */,
				302D95F114D2391D003F00A1 /* MainViewController.m in Sources */,
				ED4FF7683B2C4C3DBE6646D7 /* Airwatch.m in Sources */,
				5582587C210B47BD99D43877 /* CDVBackgroundFetch.m in Sources */,
				79A1F8AF979444469024F5FA /* UIImage+CropScaleOrientation.m in Sources */,
				55BED945D9E54E3A95597A72 /* CDVCamera.m in Sources */,
				8BDD1A2CCEAF477488237881 /* CDVJpegHeaderWriter.m in Sources */,
				5194B466058B4DC7BBA6598A /* CDVNotification.m in Sources */,
				B2E83B04A5E8427CA47E5585 /* CDVLocation.m in Sources */,
				7A65F7A2BFE5448A9238997B /* CDVOrientation.m in Sources */,
				3049FF3F54274FFE988CF453 /* SQLitePlugin.m in Sources */,
				7E88D0D9CF8E438BB550A429 /* CustomPSPDFThreadSafeMutableDictionary.m in Sources */,
				69E180A7904D462582F0CB2B /* sqlite3.c in Sources */,
				8B75C1B6D7894BA7BB4EF409 /* Diagnostic.m in Sources */,
				ABC5A10513094D6F8261186E /* Diagnostic_Location.m in Sources */,
				C2083AEE4627428FBA3627C4 /* Diagnostic_Bluetooth.m in Sources */,
				11AA2F9B78914D02B16F830F /* Diagnostic_Wifi.m in Sources */,
				220A3A698FBD4717AEE7F62D /* Diagnostic_Camera.m in Sources */,
				B9ECB2E7F358411A981FF410 /* Diagnostic_Notifications.m in Sources */,
				4D11B0CDC3994F85AEDEE5D4 /* Diagnostic_Microphone.m in Sources */,
				26B15CB171EC497BB2709F9A /* Diagnostic_Contacts.m in Sources */,
				5ABE78DBA92B4E3BB933DFC5 /* Diagnostic_Calendar.m in Sources */,
				BE4C2134845F4C8BAEFA7766 /* Diagnostic_Reminders.m in Sources */,
				AA59BD61D090485E95C30E67 /* Diagnostic_Motion.m in Sources */,
				7354713D2FE944E2AF6045B3 /* CDVBarcodeScanner.mm in Sources */,
			);
			runOnlyForDeploymentPostprocessing = 0;
		};
/* End PBXSourcesBuildPhase section */

/* Begin PBXTargetDependency section */
		301BF551109A68C00062928A /* PBXTargetDependency */ = {
			isa = PBXTargetDependency;
			name = CordovaLib;
			targetProxy = 301BF550109A68C00062928A /* PBXContainerItemProxy */;
		};
/* End PBXTargetDependency section */

/* Begin XCBuildConfiguration section */
		1D6058940D05DD3E006BFB54 /* Debug */ = {
			isa = XCBuildConfiguration;
			baseConfigurationReference = 3047A50F1AB8059700498E2A /* build-debug.xcconfig */;
			buildSettings = {
				ALWAYS_SEARCH_USER_PATHS = NO;
				ASSETCATALOG_COMPILER_APPICON_NAME = AppIcon;
				ASSETCATALOG_COMPILER_LAUNCHIMAGE_NAME = LaunchImage;
				CLANG_ENABLE_MODULES = YES;
				CLANG_ENABLE_OBJC_ARC = YES;
				COPY_PHASE_STRIP = NO;
				DEVELOPMENT_TEAM = SA9HWB836K;
				FRAMEWORK_SEARCH_PATHS = (
					"$(inherited)",
					"\"Meal tracker/Plugins/cordova-plugin-background-fetch\"",
				);
				GCC_DYNAMIC_NO_PIC = NO;
				GCC_OPTIMIZATION_LEVEL = 0;
				GCC_PRECOMPILE_PREFIX_HEADER = YES;
				GCC_PREFIX_HEADER = "Meal tracker/Meal tracker-Prefix.pch";
				GCC_THUMB_SUPPORT = NO;
				GCC_VERSION = "";
				INFOPLIST_FILE = "Meal tracker/Meal tracker-Info.plist";
				IPHONEOS_DEPLOYMENT_TARGET = 9.0;
				LD_RUNPATH_SEARCH_PATHS = "@executable_path/Frameworks";
				PRODUCT_NAME = "Meal tracker";
				TARGETED_DEVICE_FAMILY = "1,2";
			};
			name = Debug;
		};
		1D6058950D05DD3E006BFB54 /* Release */ = {
			isa = XCBuildConfiguration;
			baseConfigurationReference = 3047A5101AB8059700498E2A /* build-release.xcconfig */;
			buildSettings = {
				ALWAYS_SEARCH_USER_PATHS = NO;
				ASSETCATALOG_COMPILER_APPICON_NAME = AppIcon;
				ASSETCATALOG_COMPILER_LAUNCHIMAGE_NAME = LaunchImage;
				CLANG_ENABLE_MODULES = YES;
				CLANG_ENABLE_OBJC_ARC = YES;
				COPY_PHASE_STRIP = YES;
				DEVELOPMENT_TEAM = SA9HWB836K;
				FRAMEWORK_SEARCH_PATHS = (
					"$(inherited)",
					"\"Meal tracker/Plugins/cordova-plugin-background-fetch\"",
				);
				GCC_PRECOMPILE_PREFIX_HEADER = YES;
				GCC_PREFIX_HEADER = "Meal tracker/Meal tracker-Prefix.pch";
				GCC_THUMB_SUPPORT = NO;
				GCC_VERSION = "";
				INFOPLIST_FILE = "Meal tracker/Meal tracker-Info.plist";
				IPHONEOS_DEPLOYMENT_TARGET = 9.0;
				LD_RUNPATH_SEARCH_PATHS = "@executable_path/Frameworks";
				PRODUCT_NAME = "Meal tracker";
				TARGETED_DEVICE_FAMILY = "1,2";
			};
			name = Release;
		};
		C01FCF4F08A954540054247B /* Debug */ = {
			isa = XCBuildConfiguration;
			baseConfigurationReference = 3047A5111AB8059700498E2A /* build.xcconfig */;
			buildSettings = {
				ASSETCATALOG_COMPILER_LAUNCHIMAGE_NAME = LaunchImage;
				CLANG_ENABLE_MODULES = YES;
				CLANG_ENABLE_OBJC_ARC = YES;
				CLANG_WARN_BOOL_CONVERSION = YES;
				CLANG_WARN_CONSTANT_CONVERSION = YES;
				CLANG_WARN_EMPTY_BODY = YES;
				CLANG_WARN_ENUM_CONVERSION = YES;
				CLANG_WARN_INT_CONVERSION = YES;
				CLANG_WARN__DUPLICATE_METHOD_MATCH = YES;
				GCC_C_LANGUAGE_STANDARD = c99;
				GCC_THUMB_SUPPORT = NO;
				GCC_VERSION = "";
				GCC_WARN_ABOUT_RETURN_TYPE = YES;
				GCC_WARN_UNDECLARED_SELECTOR = YES;
				GCC_WARN_UNINITIALIZED_AUTOS = YES;
				GCC_WARN_UNUSED_FUNCTION = YES;
				GCC_WARN_UNUSED_VARIABLE = YES;
				ONLY_ACTIVE_ARCH = YES;
				SDKROOT = iphoneos;
				SKIP_INSTALL = NO;
			};
			name = Debug;
		};
		C01FCF5008A954540054247B /* Release */ = {
			isa = XCBuildConfiguration;
			baseConfigurationReference = 3047A5111AB8059700498E2A /* build.xcconfig */;
			buildSettings = {
				ASSETCATALOG_COMPILER_LAUNCHIMAGE_NAME = LaunchImage;
				CLANG_ENABLE_MODULES = YES;
				CLANG_ENABLE_OBJC_ARC = YES;
				CLANG_WARN_BOOL_CONVERSION = YES;
				CLANG_WARN_CONSTANT_CONVERSION = YES;
				CLANG_WARN_EMPTY_BODY = YES;
				CLANG_WARN_ENUM_CONVERSION = YES;
				CLANG_WARN_INT_CONVERSION = YES;
				CLANG_WARN__DUPLICATE_METHOD_MATCH = YES;
				GCC_C_LANGUAGE_STANDARD = c99;
				GCC_THUMB_SUPPORT = NO;
				GCC_VERSION = "";
				GCC_WARN_ABOUT_RETURN_TYPE = YES;
				GCC_WARN_UNDECLARED_SELECTOR = YES;
				GCC_WARN_UNINITIALIZED_AUTOS = YES;
				GCC_WARN_UNUSED_FUNCTION = YES;
				GCC_WARN_UNUSED_VARIABLE = YES;
				SDKROOT = iphoneos;
				SKIP_INSTALL = NO;
			};
			name = Release;
		};
/* End XCBuildConfiguration section */

/* Begin XCConfigurationList section */
		1D6058960D05DD3E006BFB54 /* Build configuration list for PBXNativeTarget "Meal tracker" */ = {
			isa = XCConfigurationList;
			buildConfigurations = (
				1D6058940D05DD3E006BFB54 /* Debug */,
				1D6058950D05DD3E006BFB54 /* Release */,
			);
			defaultConfigurationIsVisible = 0;
			defaultConfigurationName = Release;
		};
		C01FCF4E08A954540054247B /* Build configuration list for PBXProject "Meal tracker" */ = {
			isa = XCConfigurationList;
			buildConfigurations = (
				C01FCF4F08A954540054247B /* Debug */,
				C01FCF5008A954540054247B /* Release */,
			);
			defaultConfigurationIsVisible = 0;
			defaultConfigurationName = Release;
		};
/* End XCConfigurationList section */
	};
	rootObject = 29B97313FDCFA39411CA2CEA /* Project object */;
}
